
Microsoft Visual Studio Solution File, Format Version 12.00
# Visual Studio Version 17
VisualStudioVersion = 17.5.33516.290
MinimumVisualStudioVersion = 10.0.40219.1
Project("{FAE04EC0-301F-11D3-BF4B-00C04F79EFBC}") = "TestRichard", "TestRichard\TestRichard.csproj", "{01111A3D-0A72-4F92-A489-F20C399E1C82}"
EndProject
Global
	GlobalSection(SolutionConfigurationPlatforms) = preSolution
		Debug|Any CPU = Debug|Any CPU
		Release|Any CPU = Release|Any CPU
	EndGlobalSection
	GlobalSection(ProjectConfigurationPlatforms) = postSolution
		{01111A3D-0A72-4F92-A489-F20C399E1C82}.Debug|Any CPU.ActiveCfg = Debug|Any CPU
		{01111A3D-0A72-4F92-A489-F20C399E1C82}.Debug|Any CPU.Build.0 = Debug|Any CPU
		{01111A3D-0A72-4F92-A489-F20C399E1C82}.Release|Any CPU.ActiveCfg = Release|Any CPU
		{01111A3D-0A72-4F92-A489-F20C399E1C82}.Release|Any CPU.Build.0 = Release|Any CPU
	EndGlobalSection
	GlobalSection(SolutionProperties) = preSolution
		HideSolutionNode = FALSE
	EndGlobalSection
	GlobalSection(ExtensibilityGlobals) = postSolution
		SolutionGuid = {62D6C500-8A22-4B95-A6CD-3DD98F1244EB}
	EndGlobalSection
EndGlobal
